<?xml version="1.0" encoding="utf-8"?>
<Project ToolsVersion="4.0" xmlns="http://schemas.microsoft.com/developer/msbuild/2003">
  <ItemGroup>
    <Filter Include="源文件">
      <UniqueIdentifier>{4FC737F1-C7A5-4376-A066-2A32D752A2FF}</UniqueIdentifier>
      <Extensions>cpp;c;cc;cxx;def;odl;idl;hpj;bat;asm;asmx</Extensions>
    </Filter>
    <Filter Include="资源文件">
      <UniqueIdentifier>{67DA6AB6-F800-4c08-8B7A-83BB121AAD01}</UniqueIdentifier>
      <Extensions>rc;ico;cur;bmp;dlg;rc2;rct;bin;rgs;gif;jpg;jpeg;jpe;resx;tiff;tif;png;wav;mfcribbon-ms</Extensions>
    </Filter>
    <Filter Include="源文件\src">
      <UniqueIdentifier>{2b40a83a-04c8-46c8-a107-97304c2af2a4}</UniqueIdentifier>
    </Filter>
    <Filter Include="源文件\src\engine">
      <UniqueIdentifier>{adfc77aa-0774-4756-9652-3636da562896}</UniqueIdentifier>
    </Filter>
    <Filter Include="源文件\src\io">
      <UniqueIdentifier>{166f7bba-4c3c-4c84-9c2e-3469fd6db9d7}</UniqueIdentifier>
    </Filter>
    <Filter Include="源文件\src\operator">
      <UniqueIdentifier>{508cd25b-d1c8-4b13-882c-f139c3c5df56}</UniqueIdentifier>
    </Filter>
    <Filter Include="源文件\src\optimizer">
      <UniqueIdentifier>{dad88afd-fec6-4a0f-86ed-617ba1375844}</UniqueIdentifier>
    </Filter>
    <Filter Include="源文件\src\trainer">
      <UniqueIdentifier>{99f79b2d-1a7f-48f3-afba-bf6a45235445}</UniqueIdentifier>
    </Filter>
    <Filter Include="源文件\src\trainer\typical_network">
      <UniqueIdentifier>{96dda419-b26d-4bb8-a53a-1304a333917f}</UniqueIdentifier>
    </Filter>
    <Filter Include="源文件\src\util">
      <UniqueIdentifier>{76eb04fc-801e-46b9-9003-f1b786ff8b4d}</UniqueIdentifier>
    </Filter>
    <Filter Include="源文件\include">
      <UniqueIdentifier>{cf1071ac-9a4e-4906-9478-fb525c7a6e08}</UniqueIdentifier>
    </Filter>
    <Filter Include="源文件\include\engine">
      <UniqueIdentifier>{6a264e0e-93ae-4ac5-84e2-3bd4b9f6558f}</UniqueIdentifier>
    </Filter>
    <Filter Include="源文件\include\io">
      <UniqueIdentifier>{8387b614-ab4e-4dd7-b6e0-da727d8068bb}</UniqueIdentifier>
    </Filter>
    <Filter Include="源文件\include\operator">
      <UniqueIdentifier>{1568cc20-d858-4e55-8937-53e2ec1da805}</UniqueIdentifier>
    </Filter>
    <Filter Include="源文件\include\optimizer">
      <UniqueIdentifier>{16ce2891-3498-4710-8db3-68685ffdd96b}</UniqueIdentifier>
    </Filter>
    <Filter Include="源文件\include\trainer">
      <UniqueIdentifier>{4ff603ae-f8dc-4403-b89e-3929cea8bac4}</UniqueIdentifier>
    </Filter>
    <Filter Include="源文件\include\util">
      <UniqueIdentifier>{9d5ce08d-b7c3-4161-b4cb-3c00ebac1b33}</UniqueIdentifier>
    </Filter>
  </ItemGroup>
  <ItemGroup>
    <ClInclude Include="..\..\..\core\include\io\dataloader.h">
      <Filter>源文件\include\io</Filter>
    </ClInclude>
    <ClInclude Include="..\..\..\core\include\io\prefetcher.h">
      <Filter>源文件\include\io</Filter>
    </ClInclude>
    <ClInclude Include="..\..\..\core\include\io\preprocessor.h">
      <Filter>源文件\include\io</Filter>
    </ClInclude>
    <ClInclude Include="..\..\..\core\include\util\device.h">
      <Filter>源文件\include\util</Filter>
    </ClInclude>
    <ClInclude Include="..\..\..\core\include\util\math_functions.h">
      <Filter>源文件\include\util</Filter>
    </ClInclude>
    <ClInclude Include="..\..\..\core\include\util\op_factory.h">
      <Filter>源文件\include\util</Filter>
    </ClInclude>
    <ClInclude Include="..\..\..\core\include\util\thread_pool.h">
      <Filter>源文件\include\util</Filter>
    </ClInclude>
    <ClInclude Include="..\..\..\core\include\util\timer.h">
      <Filter>源文件\include\util</Filter>
    </ClInclude>
    <ClInclude Include="..\..\..\core\include\trainer\network_creator.h">
      <Filter>源文件\include\trainer</Filter>
    </ClInclude>
    <ClInclude Include="..\..\..\core\include\trainer\typical_network.h">
      <Filter>源文件\include\trainer</Filter>
    </ClInclude>
    <ClInclude Include="..\..\..\core\include\optimizer\optimizer.h">
      <Filter>源文件\include\optimizer</Filter>
    </ClInclude>
    <ClInclude Include="..\..\..\core\include\operator\activation_simple_op.h">
      <Filter>源文件\include\operator</Filter>
    </ClInclude>
    <ClInclude Include="..\..\..\core\include\operator\convolution_op.h">
      <Filter>源文件\include\operator</Filter>
    </ClInclude>
    <ClInclude Include="..\..\..\core\include\operator\cross_entropy_lop.h">
      <Filter>源文件\include\operator</Filter>
    </ClInclude>
    <ClInclude Include="..\..\..\core\include\operator\deconvolution_op.h">
      <Filter>源文件\include\operator</Filter>
    </ClInclude>
    <ClInclude Include="..\..\..\core\include\operator\inner_product_op.h">
      <Filter>源文件\include\operator</Filter>
    </ClInclude>
    <ClInclude Include="..\..\..\core\include\operator\input_op.h">
      <Filter>源文件\include\operator</Filter>
    </ClInclude>
    <ClInclude Include="..\..\..\core\include\operator\operator_base.h">
      <Filter>源文件\include\operator</Filter>
    </ClInclude>
    <ClInclude Include="..\..\..\core\include\operator\operator_hybrid.h">
      <Filter>源文件\include\operator</Filter>
    </ClInclude>
    <ClInclude Include="..\..\..\core\include\operator\operator_loss.h">
      <Filter>源文件\include\operator</Filter>
    </ClInclude>
    <ClInclude Include="..\..\..\core\include\operator\output_op.h">
      <Filter>源文件\include\operator</Filter>
    </ClInclude>
    <ClInclude Include="..\..\..\core\include\operator\pooling_op.h">
      <Filter>源文件\include\operator</Filter>
    </ClInclude>
    <ClInclude Include="..\..\..\core\include\operator\softmax_cross_entropy_hop.h">
      <Filter>源文件\include\operator</Filter>
    </ClInclude>
    <ClInclude Include="..\..\..\core\include\operator\softmax_op.h">
      <Filter>源文件\include\operator</Filter>
    </ClInclude>
    <ClInclude Include="..\..\..\core\include\common.h">
      <Filter>源文件\include</Filter>
    </ClInclude>
    <ClInclude Include="..\..\..\core\include\configure.h">
      <Filter>源文件\include</Filter>
    </ClInclude>
    <ClInclude Include="..\..\..\core\include\dlex_cnn.h">
      <Filter>源文件\include</Filter>
    </ClInclude>
    <ClInclude Include="..\..\..\core\include\dlex_task.h">
      <Filter>源文件\include</Filter>
    </ClInclude>
    <ClInclude Include="..\..\..\core\include\graph.h">
      <Filter>源文件\include</Filter>
    </ClInclude>
    <ClInclude Include="..\..\..\core\include\network.h">
      <Filter>源文件\include</Filter>
    </ClInclude>
    <ClInclude Include="..\..\..\core\include\node.h">
      <Filter>源文件\include</Filter>
    </ClInclude>
    <ClInclude Include="..\..\..\core\include\tensor.h">
      <Filter>源文件\include</Filter>
    </ClInclude>
  </ItemGroup>
  <ItemGroup>
    <ClCompile Include="..\..\..\core\src\io\dataloader.cpp">
      <Filter>源文件\src\io</Filter>
    </ClCompile>
    <ClCompile Include="..\..\..\core\src\io\preprocessor.cpp">
      <Filter>源文件\src\io</Filter>
    </ClCompile>
    <ClCompile Include="..\..\..\core\src\operator\activation_simple_op.cpp">
      <Filter>源文件\src\operator</Filter>
    </ClCompile>
    <ClCompile Include="..\..\..\core\src\operator\convolution_op.cpp">
      <Filter>源文件\src\operator</Filter>
    </ClCompile>
    <ClCompile Include="..\..\..\core\src\operator\cross_entropy_lop.cpp">
      <Filter>源文件\src\operator</Filter>
    </ClCompile>
    <ClCompile Include="..\..\..\core\src\operator\deconvolution_op.cpp">
      <Filter>源文件\src\operator</Filter>
    </ClCompile>
    <ClCompile Include="..\..\..\core\src\operator\inner_product_op.cpp">
      <Filter>源文件\src\operator</Filter>
    </ClCompile>
    <ClCompile Include="..\..\..\core\src\operator\input_op.cpp">
      <Filter>源文件\src\operator</Filter>
    </ClCompile>
    <ClCompile Include="..\..\..\core\src\operator\operator_base.cpp">
      <Filter>源文件\src\operator</Filter>
    </ClCompile>
    <ClCompile Include="..\..\..\core\src\operator\operator_hybrid.cpp">
      <Filter>源文件\src\operator</Filter>
    </ClCompile>
    <ClCompile Include="..\..\..\core\src\operator\operator_loss.cpp">
      <Filter>源文件\src\operator</Filter>
    </ClCompile>
    <ClCompile Include="..\..\..\core\src\operator\output_op.cpp">
      <Filter>源文件\src\operator</Filter>
    </ClCompile>
    <ClCompile Include="..\..\..\core\src\operator\pooling_op.cpp">
      <Filter>源文件\src\operator</Filter>
    </ClCompile>
    <ClCompile Include="..\..\..\core\src\operator\softmax_cross_entropy_hop.cpp">
      <Filter>源文件\src\operator</Filter>
    </ClCompile>
    <ClCompile Include="..\..\..\core\src\operator\softmax_op.cpp">
      <Filter>源文件\src\operator</Filter>
    </ClCompile>
    <ClCompile Include="..\..\..\core\src\optimizer\optimizer.cpp">
      <Filter>源文件\src\optimizer</Filter>
    </ClCompile>
    <ClCompile Include="..\..\..\core\src\trainer\typical_network\lenet.cpp">
      <Filter>源文件\src\trainer\typical_network</Filter>
    </ClCompile>
    <ClCompile Include="..\..\..\core\src\trainer\typical_network\mix.cpp">
      <Filter>源文件\src\trainer\typical_network</Filter>
    </ClCompile>
    <ClCompile Include="..\..\..\core\src\trainer\typical_network\mlp.cpp">
      <Filter>源文件\src\trainer\typical_network</Filter>
    </ClCompile>
    <ClCompile Include="..\..\..\core\src\trainer\network_creator.cpp">
      <Filter>源文件\src\trainer</Filter>
    </ClCompile>
    <ClCompile Include="..\..\..\core\src\util\math_functions.cpp">
      <Filter>源文件\src\util</Filter>
    </ClCompile>
    <ClCompile Include="..\..\..\core\src\util\thread_pool.cpp">
      <Filter>源文件\src\util</Filter>
    </ClCompile>
    <ClCompile Include="..\..\..\core\src\common.cpp">
      <Filter>源文件\src</Filter>
    </ClCompile>
    <ClCompile Include="..\..\..\core\src\dlex_task.cpp">
      <Filter>源文件\src</Filter>
    </ClCompile>
    <ClCompile Include="..\..\..\core\src\graph.cpp">
      <Filter>源文件\src</Filter>
    </ClCompile>
    <ClCompile Include="..\..\..\core\src\network.cpp">
      <Filter>源文件\src</Filter>
    </ClCompile>
    <ClCompile Include="..\..\..\core\src\node.cpp">
      <Filter>源文件\src</Filter>
    </ClCompile>
    <ClCompile Include="..\..\..\core\src\tensor.cpp">
      <Filter>源文件\src</Filter>
    </ClCompile>
  </ItemGroup>
</Project>