
Microsoft Visual Studio Solution File, Format Version 12.00
# Visual Studio 14
VisualStudioVersion = 14.0.25420.1
MinimumVisualStudioVersion = 10.0.40219.1
Project("{8BC9CEB8-8B4A-11D0-8D11-00A0C91BC942}") = "dlex_cnn", "dlex_cnn\dlex_cnn.vcxproj", "{CB9738F1-BA3F-448D-8742-9C80DDD4AF34}"
EndProject
Project("{8BC9CEB8-8B4A-11D0-8D11-00A0C91BC942}") = "dlex_cnn_test", "dlex_cnn_test\dlex_cnn_test.vcxproj", "{BE407F09-ABF4-423D-9D18-7813AA57E764}"
EndProject
Global
	GlobalSection(SolutionConfigurationPlatforms) = preSolution
		Debug|x64 = Debug|x64
		Debug|x86 = Debug|x86
		Release|x64 = Release|x64
		Release|x86 = Release|x86
	EndGlobalSection
	GlobalSection(ProjectConfigurationPlatforms) = postSolution
		{CB9738F1-BA3F-448D-8742-9C80DDD4AF34}.Debug|x64.ActiveCfg = Debug|x64
		{CB9738F1-BA3F-448D-8742-9C80DDD4AF34}.Debug|x64.Build.0 = Debug|x64
		{CB9738F1-BA3F-448D-8742-9C80DDD4AF34}.Debug|x86.ActiveCfg = Debug|Win32
		{CB9738F1-BA3F-448D-8742-9C80DDD4AF34}.Debug|x86.Build.0 = Debug|Win32
		{CB9738F1-BA3F-448D-8742-9C80DDD4AF34}.Release|x64.ActiveCfg = Release|x64
		{CB9738F1-BA3F-448D-8742-9C80DDD4AF34}.Release|x64.Build.0 = Release|x64
		{CB9738F1-BA3F-448D-8742-9C80DDD4AF34}.Release|x86.ActiveCfg = Release|Win32
		{CB9738F1-BA3F-448D-8742-9C80DDD4AF34}.Release|x86.Build.0 = Release|Win32
		{BE407F09-ABF4-423D-9D18-7813AA57E764}.Debug|x64.ActiveCfg = Debug|x64
		{BE407F09-ABF4-423D-9D18-7813AA57E764}.Debug|x64.Build.0 = Debug|x64
		{BE407F09-ABF4-423D-9D18-7813AA57E764}.Debug|x86.ActiveCfg = Debug|Win32
		{BE407F09-ABF4-423D-9D18-7813AA57E764}.Debug|x86.Build.0 = Debug|Win32
		{BE407F09-ABF4-423D-9D18-7813AA57E764}.Release|x64.ActiveCfg = Release|x64
		{BE407F09-ABF4-423D-9D18-7813AA57E764}.Release|x64.Build.0 = Release|x64
		{BE407F09-ABF4-423D-9D18-7813AA57E764}.Release|x86.ActiveCfg = Release|Win32
		{BE407F09-ABF4-423D-9D18-7813AA57E764}.Release|x86.Build.0 = Release|Win32
	EndGlobalSection
	GlobalSection(SolutionProperties) = preSolution
		HideSolutionNode = FALSE
	EndGlobalSection
EndGlobal
