<?xml version="1.0" encoding="utf-8"?>
<Project ToolsVersion="4.0" xmlns="http://schemas.microsoft.com/developer/msbuild/2003">
  <ItemGroup>
    <ClInclude Include="kernel.h">
      <Filter>源文件\src</Filter>
    </ClInclude>
    <ClInclude Include="..\..\..\core\include\io\dataloader.h">
      <Filter>源文件\include\io</Filter>
    </ClInclude>
    <ClInclude Include="..\..\..\core\include\io\prefetcher.h">
      <Filter>源文件\include\io</Filter>
    </ClInclude>
    <ClInclude Include="..\..\..\core\include\io\preprocessor.h">
      <Filter>源文件\include\io</Filter>
    </ClInclude>
    <ClInclude Include="..\..\..\core\include\util\device.h">
      <Filter>源文件\include\util</Filter>
    </ClInclude>
    <ClInclude Include="..\..\..\core\include\util\math_functions.h">
      <Filter>源文件\include\util</Filter>
    </ClInclude>
    <ClInclude Include="..\..\..\core\include\util\op_factory.h">
      <Filter>源文件\include\util</Filter>
    </ClInclude>
    <ClInclude Include="..\..\..\core\include\util\thread_pool.h">
      <Filter>源文件\include\util</Filter>
    </ClInclude>
    <ClInclude Include="..\..\..\core\include\util\timer.h">
      <Filter>源文件\include\util</Filter>
    </ClInclude>
    <ClInclude Include="..\..\..\core\include\trainer\network_creator.h">
      <Filter>源文件\include\trainer</Filter>
    </ClInclude>
    <ClInclude Include="..\..\..\core\include\trainer\typical_network.h">
      <Filter>源文件\include\trainer</Filter>
    </ClInclude>
    <ClInclude Include="..\..\..\core\include\optimizer\optimizer.h">
      <Filter>源文件\include\optimizer</Filter>
    </ClInclude>
    <ClInclude Include="..\..\..\core\include\operator\activation_simple_op.h">
      <Filter>源文件\include\operator</Filter>
    </ClInclude>
    <ClInclude Include="..\..\..\core\include\operator\convolution_op.h">
      <Filter>源文件\include\operator</Filter>
    </ClInclude>
    <ClInclude Include="..\..\..\core\include\operator\cross_entropy_lop.h">
      <Filter>源文件\include\operator</Filter>
    </ClInclude>
    <ClInclude Include="..\..\..\core\include\operator\deconvolution_op.h">
      <Filter>源文件\include\operator</Filter>
    </ClInclude>
    <ClInclude Include="..\..\..\core\include\operator\inner_product_op.h">
      <Filter>源文件\include\operator</Filter>
    </ClInclude>
    <ClInclude Include="..\..\..\core\include\operator\input_op.h">
      <Filter>源文件\include\operator</Filter>
    </ClInclude>
    <ClInclude Include="..\..\..\core\include\operator\operator_base.h">
      <Filter>源文件\include\operator</Filter>
    </ClInclude>
    <ClInclude Include="..\..\..\core\include\operator\operator_hybrid.h">
      <Filter>源文件\include\operator</Filter>
    </ClInclude>
    <ClInclude Include="..\..\..\core\include\operator\operator_loss.h">
      <Filter>源文件\include\operator</Filter>
    </ClInclude>
    <ClInclude Include="..\..\..\core\include\operator\output_op.h">
      <Filter>源文件\include\operator</Filter>
    </ClInclude>
    <ClInclude Include="..\..\..\core\include\operator\pooling_op.h">
      <Filter>源文件\include\operator</Filter>
    </ClInclude>
    <ClInclude Include="..\..\..\core\include\operator\softmax_cross_entropy_hop.h">
      <Filter>源文件\include\operator</Filter>
    </ClInclude>
    <ClInclude Include="..\..\..\core\include\operator\softmax_op.h">
      <Filter>源文件\include\operator</Filter>
    </ClInclude>
    <ClInclude Include="..\..\..\core\include\common.h">
      <Filter>源文件\include</Filter>
    </ClInclude>
    <ClInclude Include="..\..\..\core\include\configure.h">
      <Filter>源文件\include</Filter>
    </ClInclude>
    <ClInclude Include="..\..\..\core\include\dlex_cnn.h">
      <Filter>源文件\include</Filter>
    </ClInclude>
    <ClInclude Include="..\..\..\core\include\dlex_task.h">
      <Filter>源文件\include</Filter>
    </ClInclude>
    <ClInclude Include="..\..\..\core\include\graph.h">
      <Filter>源文件\include</Filter>
    </ClInclude>
    <ClInclude Include="..\..\..\core\include\network.h">
      <Filter>源文件\include</Filter>
    </ClInclude>
    <ClInclude Include="..\..\..\core\include\node.h">
      <Filter>源文件\include</Filter>
    </ClInclude>
    <ClInclude Include="..\..\..\core\include\tensor.h">
      <Filter>源文件\include</Filter>
    </ClInclude>
  </ItemGroup>
  <ItemGroup>
    <Filter Include="源文件">
      <UniqueIdentifier>{77e28a7e-552d-4519-8ff7-868186cf516b}</UniqueIdentifier>
    </Filter>
    <Filter Include="源文件\src">
      <UniqueIdentifier>{b3429504-b6a2-4080-a8b6-51c186854d8e}</UniqueIdentifier>
    </Filter>
    <Filter Include="源文件\src\engine">
      <UniqueIdentifier>{3304acfd-8d6d-4ab3-a80f-880707f15efe}</UniqueIdentifier>
    </Filter>
    <Filter Include="源文件\src\io">
      <UniqueIdentifier>{2667b62e-f4f2-46e7-bf60-3ce02cf5ff47}</UniqueIdentifier>
    </Filter>
    <Filter Include="源文件\src\operator">
      <UniqueIdentifier>{78a6cc3b-e4ef-47cc-975d-f99174e01740}</UniqueIdentifier>
    </Filter>
    <Filter Include="源文件\src\optimizer">
      <UniqueIdentifier>{88ac4e7b-1fc1-46ff-999a-75283d1004ef}</UniqueIdentifier>
    </Filter>
    <Filter Include="源文件\src\trainer">
      <UniqueIdentifier>{039e0725-04f6-4b3c-a361-2d91e2d401a0}</UniqueIdentifier>
    </Filter>
    <Filter Include="源文件\src\trainer\typical_network">
      <UniqueIdentifier>{d9ff9457-f4d2-4006-bbd6-671c4688411d}</UniqueIdentifier>
    </Filter>
    <Filter Include="源文件\src\util">
      <UniqueIdentifier>{8db34ebf-3ca8-47ba-990a-933bf9a097f5}</UniqueIdentifier>
    </Filter>
    <Filter Include="源文件\include">
      <UniqueIdentifier>{f7538007-e9dc-4435-9cac-84f669d3d6d2}</UniqueIdentifier>
    </Filter>
    <Filter Include="源文件\include\engine">
      <UniqueIdentifier>{65f8b380-c3de-4160-a648-4c9aa914c783}</UniqueIdentifier>
    </Filter>
    <Filter Include="源文件\include\io">
      <UniqueIdentifier>{95db542c-1761-4012-ad81-2b6fdcee25d3}</UniqueIdentifier>
    </Filter>
    <Filter Include="源文件\include\operator">
      <UniqueIdentifier>{9185a2c9-a6c1-403b-b8c0-76c5cbede30f}</UniqueIdentifier>
    </Filter>
    <Filter Include="源文件\include\optimizer">
      <UniqueIdentifier>{1a166ca3-90b0-4ed0-9262-88ec5fba3378}</UniqueIdentifier>
    </Filter>
    <Filter Include="源文件\include\trainer">
      <UniqueIdentifier>{2460dc10-7991-404b-b471-435ec7e33338}</UniqueIdentifier>
    </Filter>
    <Filter Include="源文件\include\util">
      <UniqueIdentifier>{cdaa275b-4e87-4c71-9171-f75305774210}</UniqueIdentifier>
    </Filter>
  </ItemGroup>
  <ItemGroup>
    <ClCompile Include="..\..\..\core\src\io\dataloader.cpp">
      <Filter>源文件\src\io</Filter>
    </ClCompile>
    <ClCompile Include="..\..\..\core\src\io\preprocessor.cpp">
      <Filter>源文件\src\io</Filter>
    </ClCompile>
    <ClCompile Include="..\..\..\core\src\operator\activation_simple_op.cpp">
      <Filter>源文件\src\operator</Filter>
    </ClCompile>
    <ClCompile Include="..\..\..\core\src\operator\convolution_op.cpp">
      <Filter>源文件\src\operator</Filter>
    </ClCompile>
    <ClCompile Include="..\..\..\core\src\operator\cross_entropy_lop.cpp">
      <Filter>源文件\src\operator</Filter>
    </ClCompile>
    <ClCompile Include="..\..\..\core\src\operator\deconvolution_op.cpp">
      <Filter>源文件\src\operator</Filter>
    </ClCompile>
    <ClCompile Include="..\..\..\core\src\operator\inner_product_op.cpp">
      <Filter>源文件\src\operator</Filter>
    </ClCompile>
    <ClCompile Include="..\..\..\core\src\operator\input_op.cpp">
      <Filter>源文件\src\operator</Filter>
    </ClCompile>
    <ClCompile Include="..\..\..\core\src\operator\operator_base.cpp">
      <Filter>源文件\src\operator</Filter>
    </ClCompile>
    <ClCompile Include="..\..\..\core\src\operator\operator_hybrid.cpp">
      <Filter>源文件\src\operator</Filter>
    </ClCompile>
    <ClCompile Include="..\..\..\core\src\operator\operator_loss.cpp">
      <Filter>源文件\src\operator</Filter>
    </ClCompile>
    <ClCompile Include="..\..\..\core\src\operator\output_op.cpp">
      <Filter>源文件\src\operator</Filter>
    </ClCompile>
    <ClCompile Include="..\..\..\core\src\operator\pooling_op.cpp">
      <Filter>源文件\src\operator</Filter>
    </ClCompile>
    <ClCompile Include="..\..\..\core\src\operator\softmax_cross_entropy_hop.cpp">
      <Filter>源文件\src\operator</Filter>
    </ClCompile>
    <ClCompile Include="..\..\..\core\src\operator\softmax_op.cpp">
      <Filter>源文件\src\operator</Filter>
    </ClCompile>
    <ClCompile Include="..\..\..\core\src\optimizer\optimizer.cpp">
      <Filter>源文件\src\optimizer</Filter>
    </ClCompile>
    <ClCompile Include="..\..\..\core\src\trainer\network_creator.cpp">
      <Filter>源文件\src\trainer</Filter>
    </ClCompile>
    <ClCompile Include="..\..\..\core\src\common.cpp">
      <Filter>源文件\src</Filter>
    </ClCompile>
    <ClCompile Include="..\..\..\core\src\dlex_task.cpp">
      <Filter>源文件\src</Filter>
    </ClCompile>
    <ClCompile Include="..\..\..\core\src\graph.cpp">
      <Filter>源文件\src</Filter>
    </ClCompile>
    <ClCompile Include="..\..\..\core\src\network.cpp">
      <Filter>源文件\src</Filter>
    </ClCompile>
    <ClCompile Include="..\..\..\core\src\node.cpp">
      <Filter>源文件\src</Filter>
    </ClCompile>
    <ClCompile Include="..\..\..\core\src\tensor.cpp">
      <Filter>源文件\src</Filter>
    </ClCompile>
    <ClCompile Include="..\..\..\core\src\trainer\typical_network\lenet.cpp">
      <Filter>源文件\src\trainer\typical_network</Filter>
    </ClCompile>
    <ClCompile Include="..\..\..\core\src\trainer\typical_network\mix.cpp">
      <Filter>源文件\src\trainer\typical_network</Filter>
    </ClCompile>
    <ClCompile Include="..\..\..\core\src\trainer\typical_network\mlp.cpp">
      <Filter>源文件\src\trainer\typical_network</Filter>
    </ClCompile>
    <ClCompile Include="..\..\..\core\src\util\math_functions.cpp">
      <Filter>源文件\src\util</Filter>
    </ClCompile>
    <ClCompile Include="..\..\..\core\src\util\thread_pool.cpp">
      <Filter>源文件\src\util</Filter>
    </ClCompile>
  </ItemGroup>
  <ItemGroup>
    <CudaCompile Include="kernel.cu">
      <Filter>源文件\src</Filter>
    </CudaCompile>
  </ItemGroup>
</Project>