<?xml version="1.0" encoding="utf-8"?>
<Project ToolsVersion="4.0" xmlns="http://schemas.microsoft.com/developer/msbuild/2003">
  <ItemGroup>
    <Filter Include="源文件">
      <UniqueIdentifier>{4FC737F1-C7A5-4376-A066-2A32D752A2FF}</UniqueIdentifier>
      <Extensions>cpp;c;cc;cxx;def;odl;idl;hpj;bat;asm;asmx</Extensions>
    </Filter>
    <Filter Include="头文件">
      <UniqueIdentifier>{93995380-89BD-4b04-88EB-625FBE52EBFB}</UniqueIdentifier>
      <Extensions>h;hh;hpp;hxx;hm;inl;inc;xsd</Extensions>
    </Filter>
    <Filter Include="资源文件">
      <UniqueIdentifier>{67DA6AB6-F800-4c08-8B7A-83BB121AAD01}</UniqueIdentifier>
      <Extensions>rc;ico;cur;bmp;dlg;rc2;rct;bin;rgs;gif;jpg;jpeg;jpe;resx;tiff;tif;png;wav;mfcribbon-ms</Extensions>
    </Filter>
    <Filter Include="源文件\common">
      <UniqueIdentifier>{3d4e9205-23ba-44f2-83c8-fdd04e9fad10}</UniqueIdentifier>
    </Filter>
    <Filter Include="源文件\operator_test">
      <UniqueIdentifier>{1b4f4f87-bd83-45d0-a2b5-60373c341e11}</UniqueIdentifier>
    </Filter>
    <Filter Include="源文件\train_test">
      <UniqueIdentifier>{e40bb063-5ea4-4271-922c-a966e34be786}</UniqueIdentifier>
    </Filter>
    <Filter Include="源文件\util_test">
      <UniqueIdentifier>{a4710f4e-34f0-4288-b310-ab040a606c0a}</UniqueIdentifier>
    </Filter>
  </ItemGroup>
  <ItemGroup>
    <ClCompile Include="..\..\..\core_test\common\printout.cpp">
      <Filter>源文件\common</Filter>
    </ClCompile>
    <ClCompile Include="..\..\..\core_test\util_test\thread_pool_test.cpp">
      <Filter>源文件\util_test</Filter>
    </ClCompile>
    <ClCompile Include="..\..\..\core_test\train_test\mnist_loader.cpp">
      <Filter>源文件\train_test</Filter>
    </ClCompile>
    <ClCompile Include="..\..\..\core_test\train_test\mnist_train.cpp">
      <Filter>源文件\train_test</Filter>
    </ClCompile>
    <ClCompile Include="..\..\..\core_test\operator_test\convolution_op_test.cpp">
      <Filter>源文件\operator_test</Filter>
    </ClCompile>
    <ClCompile Include="..\..\..\core_test\operator_test\deconvolution_op_test.cpp">
      <Filter>源文件\operator_test</Filter>
    </ClCompile>
    <ClCompile Include="..\..\..\core_test\operator_test\pooling_op_test.cpp">
      <Filter>源文件\operator_test</Filter>
    </ClCompile>
    <ClCompile Include="..\..\..\core_test\main.cpp">
      <Filter>源文件</Filter>
    </ClCompile>
  </ItemGroup>
  <ItemGroup>
    <ClInclude Include="..\..\..\core_test\common\tools.h">
      <Filter>源文件\common</Filter>
    </ClInclude>
    <ClInclude Include="..\..\..\core_test\util_test\util_test.h">
      <Filter>源文件\util_test</Filter>
    </ClInclude>
    <ClInclude Include="..\..\..\core_test\train_test\mnist_loader.h">
      <Filter>源文件\train_test</Filter>
    </ClInclude>
    <ClInclude Include="..\..\..\core_test\train_test\mnist_train.h">
      <Filter>源文件\train_test</Filter>
    </ClInclude>
    <ClInclude Include="..\..\..\core_test\operator_test\convolution_op_test.h">
      <Filter>源文件\operator_test</Filter>
    </ClInclude>
    <ClInclude Include="..\..\..\core_test\operator_test\deconvolution_op_test.h">
      <Filter>源文件\operator_test</Filter>
    </ClInclude>
    <ClInclude Include="..\..\..\core_test\operator_test\pooling_op_test.h">
      <Filter>源文件\operator_test</Filter>
    </ClInclude>
  </ItemGroup>
</Project>