<?xml version="1.0" encoding="utf-8"?>
<Project ToolsVersion="4.0" xmlns="http://schemas.microsoft.com/developer/msbuild/2003">
  <ItemGroup>
    <Filter Include="源文件">
      <UniqueIdentifier>{4FC737F1-C7A5-4376-A066-2A32D752A2FF}</UniqueIdentifier>
      <Extensions>cpp;c;cc;cxx;def;odl;idl;hpj;bat;asm;asmx</Extensions>
    </Filter>
    <Filter Include="头文件">
      <UniqueIdentifier>{93995380-89BD-4b04-88EB-625FBE52EBFB}</UniqueIdentifier>
      <Extensions>h;hh;hpp;hxx;hm;inl;inc;xsd</Extensions>
    </Filter>
    <Filter Include="资源文件">
      <UniqueIdentifier>{67DA6AB6-F800-4c08-8B7A-83BB121AAD01}</UniqueIdentifier>
      <Extensions>rc;ico;cur;bmp;dlg;rc2;rct;bin;rgs;gif;jpg;jpeg;jpe;resx;tiff;tif;png;wav;mfcribbon-ms</Extensions>
    </Filter>
    <Filter Include="源文件\common">
      <UniqueIdentifier>{1dd1fefb-0d98-4c0c-addd-281aa16b8002}</UniqueIdentifier>
    </Filter>
    <Filter Include="源文件\operator_test">
      <UniqueIdentifier>{25f7edb9-9f73-435f-82e4-be4d632226b5}</UniqueIdentifier>
    </Filter>
    <Filter Include="源文件\train_test">
      <UniqueIdentifier>{b8f99f93-2f70-4484-83e4-b74363a33714}</UniqueIdentifier>
    </Filter>
    <Filter Include="源文件\util_test">
      <UniqueIdentifier>{a9699b99-66cc-460c-aefa-3da210ab6c76}</UniqueIdentifier>
    </Filter>
  </ItemGroup>
  <ItemGroup>
    <ClCompile Include="..\..\..\core_test\common\printout.cpp">
      <Filter>源文件\common</Filter>
    </ClCompile>
    <ClCompile Include="..\..\..\core_test\operator_test\convolution_op_test.cpp">
      <Filter>源文件\operator_test</Filter>
    </ClCompile>
    <ClCompile Include="..\..\..\core_test\operator_test\deconvolution_op_test.cpp">
      <Filter>源文件\operator_test</Filter>
    </ClCompile>
    <ClCompile Include="..\..\..\core_test\operator_test\pooling_op_test.cpp">
      <Filter>源文件\operator_test</Filter>
    </ClCompile>
    <ClCompile Include="..\..\..\core_test\train_test\mnist_loader.cpp">
      <Filter>源文件\train_test</Filter>
    </ClCompile>
    <ClCompile Include="..\..\..\core_test\train_test\mnist_train.cpp">
      <Filter>源文件\train_test</Filter>
    </ClCompile>
    <ClCompile Include="..\..\..\core_test\util_test\thread_pool_test.cpp">
      <Filter>源文件\util_test</Filter>
    </ClCompile>
    <ClCompile Include="..\..\..\core_test\main.cpp">
      <Filter>源文件</Filter>
    </ClCompile>
  </ItemGroup>
  <ItemGroup>
    <ClInclude Include="..\..\..\core_test\common\tools.h">
      <Filter>源文件\common</Filter>
    </ClInclude>
    <ClInclude Include="..\..\..\core_test\operator_test\convolution_op_test.h">
      <Filter>源文件\operator_test</Filter>
    </ClInclude>
    <ClInclude Include="..\..\..\core_test\operator_test\deconvolution_op_test.h">
      <Filter>源文件\operator_test</Filter>
    </ClInclude>
    <ClInclude Include="..\..\..\core_test\operator_test\pooling_op_test.h">
      <Filter>源文件\operator_test</Filter>
    </ClInclude>
    <ClInclude Include="..\..\..\core_test\train_test\mnist_loader.h">
      <Filter>源文件\train_test</Filter>
    </ClInclude>
    <ClInclude Include="..\..\..\core_test\train_test\mnist_train.h">
      <Filter>源文件\train_test</Filter>
    </ClInclude>
  </ItemGroup>
</Project>